{
  "version": 4,
  "terraform_version": "1.16.2",
  "serial": 1,
  "lineage": "c58ffaf7-20cf-3a95-96e2-29eb6c41a2cd",
  "outputs": {
    "managed_file_path": {
      "value": "./managed_nodes.cfg",
      "type": "string"
    }
  },
  "resources": [
    {
      "mode": "managed",
      "type": "local_file",
      "name": "server_config",
      "provider": "provider[\"registry.terraform.io/hashicorp/local\"]",
      "instances": [
        {
          "schema_version": 0,
          "attributes": {
            "content": "[web_servers]\nserver_host_ip = \"127.0.0.1\"\nenvironment = \"staging\"\nmax_connections = 200\n",
            "content_base64": null,
            "content_base64sha256": "28LzGjjdeSEvQ4RyWPsNWNvznMC+390hZmgefrQg5g0=",
            "content_base64sha512": "HCBq9YHtCSTOqnklWVs55FaONwt7WxEzrKFQ0XgLgIURAcuzD25u3aCnPCGKtyqf74vxpnkUib5Cd3WcyVACkA==",
            "content_md5": "f0f73acb9339c0cad72b8fba45a27877",
            "content_sha1": "0c0f7e6036e7ffb15b92c8fb46784a883f5055f3",
            "content_sha256": "dbc2f31a38dd79212f43847258fb0d58dbf39cc0bedfdd2166681e7eb420e60d",
            "content_sha512": "1c206af581ed0924ceaa7925595b39e4568e370b7b5b1133aca150d1780b80851101cbb30f6e6edda0a73c218ab72a9fef8bf1a6791489be4277759cc9500290",
            "directory_permission": "0777",
            "file_permission": "0777",
            "filename": "./managed_nodes.cfg",
            "id": "0c0f7e6036e7ffb15b92c8fb46784a883f5055f3",
            "sensitive_content": null,
            "source": null
          },
          "sensitive_attributes": [
            [
              {
                "type": "get_attr",
                "value": "sensitive_content"
              }
            ]
          ],
          "identity_schema_version": 0
        }
      ]
    }
  ],
  "check_results": null
}
